
Microsoft Visual Studio Solution File, Format Version 12.00
# Visual Studio Version 17
VisualStudioVersion = 17.11.35222.181
MinimumVisualStudioVersion = 10.0.40219.1
Project("{9A19103F-16F7-4668-BE54-9A1E7A4F7556}") = "KMG.Repository", "KMG.Repository\KMG.Repository.csproj", "{3E45AD09-9009-4346-9132-A28BF638A581}"
EndProject
Project("{9A19103F-16F7-4668-BE54-9A1E7A4F7556}") = "KMS.APIService", "KMS.APIService\KMS.APIService.csproj", "{04408F21-7A8E-4DC8-B25B-408613B2E3E8}"
EndProject
Global
	GlobalSection(SolutionConfigurationPlatforms) = preSolution
		Debug|Any CPU = Debug|Any CPU
		Release|Any CPU = Release|Any CPU
	EndGlobalSection
	GlobalSection(ProjectConfigurationPlatforms) = postSolution
		{3E45AD09-9009-4346-9132-A28BF638A581}.Debug|Any CPU.ActiveCfg = Debug|Any CPU
		{3E45AD09-9009-4346-9132-A28BF638A581}.Debug|Any CPU.Build.0 = Debug|Any CPU
		{3E45AD09-9009-4346-9132-A28BF638A581}.Release|Any CPU.ActiveCfg = Release|Any CPU
		{3E45AD09-9009-4346-9132-A28BF638A581}.Release|Any CPU.Build.0 = Release|Any CPU
		{04408F21-7A8E-4DC8-B25B-408613B2E3E8}.Debug|Any CPU.ActiveCfg = Debug|Any CPU
		{04408F21-7A8E-4DC8-B25B-408613B2E3E8}.Debug|Any CPU.Build.0 = Debug|Any CPU
		{04408F21-7A8E-4DC8-B25B-408613B2E3E8}.Release|Any CPU.ActiveCfg = Release|Any CPU
		{04408F21-7A8E-4DC8-B25B-408613B2E3E8}.Release|Any CPU.Build.0 = Release|Any CPU
	EndGlobalSection
	GlobalSection(SolutionProperties) = preSolution
		HideSolutionNode = FALSE
	EndGlobalSection
	GlobalSection(ExtensibilityGlobals) = postSolution
		SolutionGuid = {8E29D9D3-3645-47BF-BE47-20770E1BE189}
	EndGlobalSection
EndGlobal
